{
  "name": "kiln-discovery-research",
  "lockfileVersion": 3,
  "requires": true,
  "packages": {
    "": {
      "name": "kiln-discovery-research",
      "dependencies": {
        "@orama/orama": "3.1.18",
        "flexsearch": "0.8.212",
        "minisearch": "7.2.0"
      }
    },
    "node_modules/@orama/orama": {
      "version": "3.1.18",
      "resolved": "https://registry.npmjs.org/@orama/orama/-/orama-3.1.18.tgz",
      "integrity": "sha512-a61ljmRVVyG5MC/698C8/FfFDw5a8LOIvyOLW5fztgUXqUpc1jOfQzOitSCbge657OgXXThmY3Tk8fpiDb4UcA==",
      "license": "Apache-2.0",
      "engines": {
        "node": ">= 20.0.0"
      }
    },
    "node_modules/flexsearch": {
      "version": "0.8.212",
      "resolved": "https://registry.npmjs.org/flexsearch/-/flexsearch-0.8.212.tgz",
      "integrity": "sha512-wSyJr1GUWoOOIISRu+X2IXiOcVfg9qqBRyCPRUdLMIGJqPzMo+jMRlvE83t14v1j0dRMEaBbER/adQjp6Du2pw==",
      "funding": [
        {
          "type": "github",
          "url": "https://github.com/ts-thomas"
        },
        {
          "type": "paypal",
          "url": "https://www.paypal.com/donate/?hosted_button_id=GEVR88FC9BWRW"
        },
        {
          "type": "opencollective",
          "url": "https://opencollective.com/flexsearch"
        },
        {
          "type": "patreon",
          "url": "https://patreon.com/user?u=96245532"
        },
        {
          "type": "liberapay",
          "url": "https://liberapay.com/ts-thomas"
        }
      ],
      "license": "Apache-2.0"
    },
    "node_modules/minisearch": {
      "version": "7.2.0",
      "resolved": "https://registry.npmjs.org/minisearch/-/minisearch-7.2.0.tgz",
      "integrity": "sha512-dqT2XBYUOZOiC5t2HRnwADjhNS2cecp9u+TJRiJ1Qp/f5qjkeT5APcGPjHw+bz89Ms8Jp+cG4AlE+QZ/QnDglg==",
      "license": "MIT"
    }
  }
}
